
Microsoft Visual Studio Solution File, Format Version 12.00
# Visual Studio Version 17
VisualStudioVersion = 17.8.34408.163
MinimumVisualStudioVersion = 10.0.40219.1
Project("{FAE04EC0-301F-11D3-BF4B-00C04F79EFBC}") = "PL", "PL\PL.csproj", "{92E8E047-2480-4BE8-BB50-A923AE65A082}"
EndProject
Project("{FAE04EC0-301F-11D3-BF4B-00C04F79EFBC}") = "BL", "BL\BL.csproj", "{96AD807D-0CD9-4CB9-B7A1-70C2CABCEFDB}"
EndProject
Project("{FAE04EC0-301F-11D3-BF4B-00C04F79EFBC}") = "DL", "DL\DL.csproj", "{572F78FA-EF33-4875-A3DB-FF611134E1A3}"
EndProject
Project("{FAE04EC0-301F-11D3-BF4B-00C04F79EFBC}") = "ML", "ML\ML.csproj", "{0FBDDF2D-D7A2-4204-884E-6E3FCC4B309E}"
EndProject
Project("{FAE04EC0-301F-11D3-BF4B-00C04F79EFBC}") = "SL", "SL\SL.csproj", "{8F567A16-1B3B-421F-AA68-88804EC224AB}"
EndProject
Global
	GlobalSection(SolutionConfigurationPlatforms) = preSolution
		Debug|Any CPU = Debug|Any CPU
		Release|Any CPU = Release|Any CPU
	EndGlobalSection
	GlobalSection(ProjectConfigurationPlatforms) = postSolution
		{92E8E047-2480-4BE8-BB50-A923AE65A082}.Debug|Any CPU.ActiveCfg = Debug|Any CPU
		{92E8E047-2480-4BE8-BB50-A923AE65A082}.Debug|Any CPU.Build.0 = Debug|Any CPU
		{92E8E047-2480-4BE8-BB50-A923AE65A082}.Release|Any CPU.ActiveCfg = Release|Any CPU
		{92E8E047-2480-4BE8-BB50-A923AE65A082}.Release|Any CPU.Build.0 = Release|Any CPU
		{96AD807D-0CD9-4CB9-B7A1-70C2CABCEFDB}.Debug|Any CPU.ActiveCfg = Debug|Any CPU
		{96AD807D-0CD9-4CB9-B7A1-70C2CABCEFDB}.Debug|Any CPU.Build.0 = Debug|Any CPU
		{96AD807D-0CD9-4CB9-B7A1-70C2CABCEFDB}.Release|Any CPU.ActiveCfg = Release|Any CPU
		{96AD807D-0CD9-4CB9-B7A1-70C2CABCEFDB}.Release|Any CPU.Build.0 = Release|Any CPU
		{572F78FA-EF33-4875-A3DB-FF611134E1A3}.Debug|Any CPU.ActiveCfg = Debug|Any CPU
		{572F78FA-EF33-4875-A3DB-FF611134E1A3}.Debug|Any CPU.Build.0 = Debug|Any CPU
		{572F78FA-EF33-4875-A3DB-FF611134E1A3}.Release|Any CPU.ActiveCfg = Release|Any CPU
		{572F78FA-EF33-4875-A3DB-FF611134E1A3}.Release|Any CPU.Build.0 = Release|Any CPU
		{0FBDDF2D-D7A2-4204-884E-6E3FCC4B309E}.Debug|Any CPU.ActiveCfg = Debug|Any CPU
		{0FBDDF2D-D7A2-4204-884E-6E3FCC4B309E}.Debug|Any CPU.Build.0 = Debug|Any CPU
		{0FBDDF2D-D7A2-4204-884E-6E3FCC4B309E}.Release|Any CPU.ActiveCfg = Release|Any CPU
		{0FBDDF2D-D7A2-4204-884E-6E3FCC4B309E}.Release|Any CPU.Build.0 = Release|Any CPU
		{8F567A16-1B3B-421F-AA68-88804EC224AB}.Debug|Any CPU.ActiveCfg = Debug|Any CPU
		{8F567A16-1B3B-421F-AA68-88804EC224AB}.Debug|Any CPU.Build.0 = Debug|Any CPU
		{8F567A16-1B3B-421F-AA68-88804EC224AB}.Release|Any CPU.ActiveCfg = Release|Any CPU
		{8F567A16-1B3B-421F-AA68-88804EC224AB}.Release|Any CPU.Build.0 = Release|Any CPU
	EndGlobalSection
	GlobalSection(SolutionProperties) = preSolution
		HideSolutionNode = FALSE
	EndGlobalSection
	GlobalSection(ExtensibilityGlobals) = postSolution
		SolutionGuid = {14860161-B8F6-4812-A5D4-A83951EB1CBA}
	EndGlobalSection
EndGlobal
